
Microsoft Visual Studio Solution File, Format Version 12.00
# Visual Studio Version 16
VisualStudioVersion = 16.0.31729.503
MinimumVisualStudioVersion = 10.0.40219.1
Project("{FAE04EC0-301F-11D3-BF4B-00C04F79EFBC}") = "ConsoleApp1", "ConsoleApp1.csproj", "{6541BFCB-428B-4F1A-A667-72E8D950291B}"
EndProject
Global
	GlobalSection(SolutionConfigurationPlatforms) = preSolution
		Debug|Any CPU = Debug|Any CPU
		Release|Any CPU = Release|Any CPU
	EndGlobalSection
	GlobalSection(ProjectConfigurationPlatforms) = postSolution
		{6541BFCB-428B-4F1A-A667-72E8D950291B}.Debug|Any CPU.ActiveCfg = Debug|Any CPU
		{6541BFCB-428B-4F1A-A667-72E8D950291B}.Debug|Any CPU.Build.0 = Debug|Any CPU
		{6541BFCB-428B-4F1A-A667-72E8D950291B}.Release|Any CPU.ActiveCfg = Release|Any CPU
		{6541BFCB-428B-4F1A-A667-72E8D950291B}.Release|Any CPU.Build.0 = Release|Any CPU
	EndGlobalSection
	GlobalSection(SolutionProperties) = preSolution
		HideSolutionNode = FALSE
	EndGlobalSection
	GlobalSection(ExtensibilityGlobals) = postSolution
		SolutionGuid = {B7BABFA6-3343-4340-A49D-64CE31423A7A}
	EndGlobalSection
EndGlobal
